
Microsoft Visual Studio Solution File, Format Version 12.00
# Visual Studio Version 17
VisualStudioVersion = 17.14.36429.23 d17.14
MinimumVisualStudioVersion = 10.0.40219.1
Project("{FAE04EC0-301F-11D3-BF4B-00C04F79EFBC}") = "ZxStudio", "ZxStudio.csproj", "{3BE70A1F-872E-4E78-8CF5-ACB973C13B59}"
EndProject
Global
	GlobalSection(SolutionConfigurationPlatforms) = preSolution
		Debug|Any CPU = Debug|Any CPU
		Release|Any CPU = Release|Any CPU
	EndGlobalSection
	GlobalSection(ProjectConfigurationPlatforms) = postSolution
		{3BE70A1F-872E-4E78-8CF5-ACB973C13B59}.Debug|Any CPU.ActiveCfg = Debug|Any CPU
		{3BE70A1F-872E-4E78-8CF5-ACB973C13B59}.Debug|Any CPU.Build.0 = Debug|Any CPU
		{3BE70A1F-872E-4E78-8CF5-ACB973C13B59}.Release|Any CPU.ActiveCfg = Release|Any CPU
		{3BE70A1F-872E-4E78-8CF5-ACB973C13B59}.Release|Any CPU.Build.0 = Release|Any CPU
	EndGlobalSection
	GlobalSection(SolutionProperties) = preSolution
		HideSolutionNode = FALSE
	EndGlobalSection
	GlobalSection(ExtensibilityGlobals) = postSolution
		SolutionGuid = {20C650CE-1E03-45DF-8695-BCF1B42EEB9A}
	EndGlobalSection
EndGlobal
